// !$*UTF8*$!
{
	archiveVersion = 1;
	classes = {
	};
	objectVersion = 56;
	objects = {

/* Begin PBXBuildFile section */
		6FE6D11C2A9EBD1A002CFD2F /* ID_ChangerApp.swift in Sources */ = {isa = PBXBuildFile; fileRef = 6FE6D11B2A9EBD1A002CFD2F /* ID_ChangerApp.swift */; };
		6FE6D11E2A9EBD1A002CFD2F /* ContentView.swift in Sources */ = {isa = PBXBuildFile; fileRef = 6FE6D11D2A9EBD1A002CFD2F /* ContentView.swift */; };
		6FE6D1202A9EBD1B002CFD2F /* Assets.xcassets in Resources */ = {isa = PBXBuildFile; fileRef = 6FE6D11F2A9EBD1B002CFD2F /* Assets.xcassets */; };
		6FE6D1232A9EBD1B002CFD2F /* Preview Assets.xcassets in Resources */ = {isa = PBXBuildFile; fileRef = 6FE6D1222A9EBD1B002CFD2F /* Preview Assets.xcassets */; };
		6FE6D1562A9EBE22002CFD2F /* vm_unaligned_copy_switch_race.c in Sources */ = {isa = PBXBuildFile; fileRef = 6FE6D14A2A9EBE21002CFD2F /* vm_unaligned_copy_switch_race.c */; };
		6FE6D1572A9EBE22002CFD2F /* grant_full_disk_access.m in Sources */ = {isa = PBXBuildFile; fileRef = 6FE6D14B2A9EBE21002CFD2F /* grant_full_disk_access.m */; };
		6FE6D1582A9EBE22002CFD2F /* helpers.m in Sources */ = {isa = PBXBuildFile; fileRef = 6FE6D14C2A9EBE21002CFD2F /* helpers.m */; };
		6FE6D1592A9EBE22002CFD2F /* Wrappers.swift in Sources */ = {isa = PBXBuildFile; fileRef = 6FE6D1522A9EBE21002CFD2F /* Wrappers.swift */; };
		6FE6D15A2A9EBE22002CFD2F /* MacDirtyCowSwift.swift in Sources */ = {isa = PBXBuildFile; fileRef = 6FE6D1542A9EBE22002CFD2F /* MacDirtyCowSwift.swift */; };
		6FE6D15D2A9EC0A2002CFD2F /* CardView.swift in Sources */ = {isa = PBXBuildFile; fileRef = 6FE6D15C2A9EC0A2002CFD2F /* CardView.swift */; };
		6FE6D1602A9EC803002CFD2F /* MainCardController.swift in Sources */ = {isa = PBXBuildFile; fileRef = 6FE6D15F2A9EC803002CFD2F /* MainCardController.swift */; };
		6FE6D1622A9ECCAE002CFD2F /* ImagePickerView.swift in Sources */ = {isa = PBXBuildFile; fileRef = 6FE6D1612A9ECCAE002CFD2F /* ImagePickerView.swift */; };
		6FE6D1642A9ECDFF002CFD2F /* libMacDirtyCowSwift.a in Frameworks */ = {isa = PBXBuildFile; fileRef = 6FE6D1412A9EBE0F002CFD2F /* libMacDirtyCowSwift.a */; };
		6FE6D1682A9ED130002CFD2F /* entitlements.plist in Resources */ = {isa = PBXBuildFile; fileRef = 6FE6D1672A9ED130002CFD2F /* entitlements.plist */; };
		6FE6D16B2A9ED204002CFD2F /* Alert++.swift in Sources */ = {isa = PBXBuildFile; fileRef = 6FE6D16A2A9ED204002CFD2F /* Alert++.swift */; };
		6FE6D1E92A9FD8AC002CFD2F /* vm_unaligned_copy_switch_race.c in Sources */ = {isa = PBXBuildFile; fileRef = 6FE6D1DA2A9FD8AC002CFD2F /* vm_unaligned_copy_switch_race.c */; };
		6FE6D1EA2A9FD8AC002CFD2F /* grant_full_disk_access.m in Sources */ = {isa = PBXBuildFile; fileRef = 6FE6D1DB2A9FD8AC002CFD2F /* grant_full_disk_access.m */; };
		6FE6D1EB2A9FD8AC002CFD2F /* helpers.m in Sources */ = {isa = PBXBuildFile; fileRef = 6FE6D1DC2A9FD8AC002CFD2F /* helpers.m */; };
		6FE6D1EC2A9FD8AC002CFD2F /* utils.m in Sources */ = {isa = PBXBuildFile; fileRef = 6FE6D1DD2A9FD8AC002CFD2F /* utils.m */; };
		6FE6D1ED2A9FD8AC002CFD2F /* thanks_opa334dev_htrowii.m in Sources */ = {isa = PBXBuildFile; fileRef = 6FE6D1DE2A9FD8AC002CFD2F /* thanks_opa334dev_htrowii.m */; };
		6FE6D1EE2A9FD8AC002CFD2F /* krw.c in Sources */ = {isa = PBXBuildFile; fileRef = 6FE6D1DF2A9FD8AC002CFD2F /* krw.c */; };
		6FE6D1EF2A9FD8AC002CFD2F /* offsets.m in Sources */ = {isa = PBXBuildFile; fileRef = 6FE6D1E02A9FD8AC002CFD2F /* offsets.m */; };
		6FE6D1F12A9FD8AC002CFD2F /* vnode.m in Sources */ = {isa = PBXBuildFile; fileRef = 6FE6D1E22A9FD8AC002CFD2F /* vnode.m */; };
		6FE6D1F22A9FD8AC002CFD2F /* proc.c in Sources */ = {isa = PBXBuildFile; fileRef = 6FE6D1E32A9FD8AC002CFD2F /* proc.c */; };
		6FE6D1F32A9FD90E002CFD2F /* fun.m in Sources */ = {isa = PBXBuildFile; fileRef = 6FE6D1D92A9FD8AC002CFD2F /* fun.m */; };
		6FE6D2762AA11C33002CFD2F /* ADD_YOUR_OWN.txt in Resources */ = {isa = PBXBuildFile; fileRef = 6FE6D2752AA11C33002CFD2F /* ADD_YOUR_OWN.txt */; };
/* End PBXBuildFile section */

/* Begin PBXContainerItemProxy section */
		6FE6D1652A9ECDFF002CFD2F /* PBXContainerItemProxy */ = {
			isa = PBXContainerItemProxy;
			containerPortal = 6FE6D1102A9EBD1A002CFD2F /* Project object */;
			proxyType = 1;
			remoteGlobalIDString = 6FE6D1402A9EBE0F002CFD2F;
			remoteInfo = MacDirtyCowSwift;
		};
/* End PBXContainerItemProxy section */

/* Begin PBXCopyFilesBuildPhase section */
		6FE6D13F2A9EBE0F002CFD2F /* CopyFiles */ = {
			isa = PBXCopyFilesBuildPhase;
			buildActionMask = 2147483647;
			dstPath = "include/$(PRODUCT_NAME)";
			dstSubfolderSpec = 16;
			files = (
			);
			runOnlyForDeploymentPostprocessing = 0;
		};
/* End PBXCopyFilesBuildPhase section */

/* Begin PBXFileReference section */
		6FE6D1182A9EBD1A002CFD2F /* ID Changer.app */ = {isa = PBXFileReference; explicitFileType = wrapper.application; includeInIndex = 0; path = "ID Changer.app"; sourceTree = BUILT_PRODUCTS_DIR; };
		6FE6D11B2A9EBD1A002CFD2F /* ID_ChangerApp.swift */ = {isa = PBXFileReference; lastKnownFileType = sourcecode.swift; path = ID_ChangerApp.swift; sourceTree = "<group>"; };
		6FE6D11D2A9EBD1A002CFD2F /* ContentView.swift */ = {isa = PBXFileReference; lastKnownFileType = sourcecode.swift; path = ContentView.swift; sourceTree = "<group>"; };
		6FE6D11F2A9EBD1B002CFD2F /* Assets.xcassets */ = {isa = PBXFileReference; lastKnownFileType = folder.assetcatalog; path = Assets.xcassets; sourceTree = "<group>"; };
		6FE6D1222A9EBD1B002CFD2F /* Preview Assets.xcassets */ = {isa = PBXFileReference; lastKnownFileType = folder.assetcatalog; path = "Preview Assets.xcassets"; sourceTree = "<group>"; };
		6FE6D1412A9EBE0F002CFD2F /* libMacDirtyCowSwift.a */ = {isa = PBXFileReference; explicitFileType = archive.ar; includeInIndex = 0; path = libMacDirtyCowSwift.a; sourceTree = BUILT_PRODUCTS_DIR; };
		6FE6D14A2A9EBE21002CFD2F /* vm_unaligned_copy_switch_race.c */ = {isa = PBXFileReference; fileEncoding = 4; lastKnownFileType = sourcecode.c.c; path = vm_unaligned_copy_switch_race.c; sourceTree = "<group>"; };
		6FE6D14B2A9EBE21002CFD2F /* grant_full_disk_access.m */ = {isa = PBXFileReference; fileEncoding = 4; lastKnownFileType = sourcecode.c.objc; path = grant_full_disk_access.m; sourceTree = "<group>"; };
		6FE6D14C2A9EBE21002CFD2F /* helpers.m */ = {isa = PBXFileReference; fileEncoding = 4; lastKnownFileType = sourcecode.c.objc; path = helpers.m; sourceTree = "<group>"; };
		6FE6D14F2A9EBE21002CFD2F /* vm_unaligned_copy_switch_race.h */ = {isa = PBXFileReference; fileEncoding = 4; lastKnownFileType = sourcecode.c.h; path = vm_unaligned_copy_switch_race.h; sourceTree = "<group>"; };
		6FE6D1502A9EBE21002CFD2F /* helpers.h */ = {isa = PBXFileReference; fileEncoding = 4; lastKnownFileType = sourcecode.c.h; path = helpers.h; sourceTree = "<group>"; };
		6FE6D1512A9EBE21002CFD2F /* grant_full_disk_access.h */ = {isa = PBXFileReference; fileEncoding = 4; lastKnownFileType = sourcecode.c.h; path = grant_full_disk_access.h; sourceTree = "<group>"; };
		6FE6D1522A9EBE21002CFD2F /* Wrappers.swift */ = {isa = PBXFileReference; fileEncoding = 4; lastKnownFileType = sourcecode.swift; path = Wrappers.swift; sourceTree = "<group>"; };
		6FE6D1532A9EBE22002CFD2F /* MacDirtyCowSwift-Bridging-Header.h */ = {isa = PBXFileReference; fileEncoding = 4; lastKnownFileType = sourcecode.c.h; path = "MacDirtyCowSwift-Bridging-Header.h"; sourceTree = "<group>"; };
		6FE6D1542A9EBE22002CFD2F /* MacDirtyCowSwift.swift */ = {isa = PBXFileReference; fileEncoding = 4; lastKnownFileType = sourcecode.swift; name = MacDirtyCowSwift.swift; path = ../../Cowabunga/MacDirtyCowSwift/MacDirtyCowSwift.swift; sourceTree = "<group>"; };
		6FE6D15C2A9EC0A2002CFD2F /* CardView.swift */ = {isa = PBXFileReference; lastKnownFileType = sourcecode.swift; path = CardView.swift; sourceTree = "<group>"; };
		6FE6D15F2A9EC803002CFD2F /* MainCardController.swift */ = {isa = PBXFileReference; lastKnownFileType = sourcecode.swift; path = MainCardController.swift; sourceTree = "<group>"; };
		6FE6D1612A9ECCAE002CFD2F /* ImagePickerView.swift */ = {isa = PBXFileReference; lastKnownFileType = sourcecode.swift; path = ImagePickerView.swift; sourceTree = "<group>"; };
		6FE6D1672A9ED130002CFD2F /* entitlements.plist */ = {isa = PBXFileReference; fileEncoding = 4; lastKnownFileType = text.plist.xml; path = entitlements.plist; sourceTree = "<group>"; };
		6FE6D16A2A9ED204002CFD2F /* Alert++.swift */ = {isa = PBXFileReference; lastKnownFileType = sourcecode.swift; path = "Alert++.swift"; sourceTree = "<group>"; };
		6FE6D1BC2A9FD876002CFD2F /* ID Changer-Bridging-Header.h */ = {isa = PBXFileReference; lastKnownFileType = sourcecode.c.h; path = "ID Changer-Bridging-Header.h"; sourceTree = "<group>"; };
		6FE6D1BE2A9FD8AC002CFD2F /* libkfd.h */ = {isa = PBXFileReference; fileEncoding = 4; lastKnownFileType = sourcecode.c.h; path = libkfd.h; sourceTree = "<group>"; };
		6FE6D1C02A9FD8AC002CFD2F /* krkw.h */ = {isa = PBXFileReference; fileEncoding = 4; lastKnownFileType = sourcecode.c.h; path = krkw.h; sourceTree = "<group>"; };
		6FE6D1C32A9FD8AC002CFD2F /* kread_sem_open.h */ = {isa = PBXFileReference; fileEncoding = 4; lastKnownFileType = sourcecode.c.h; path = kread_sem_open.h; sourceTree = "<group>"; };
		6FE6D1C42A9FD8AC002CFD2F /* kread_kqueue_workloop_ctl.h */ = {isa = PBXFileReference; fileEncoding = 4; lastKnownFileType = sourcecode.c.h; path = kread_kqueue_workloop_ctl.h; sourceTree = "<group>"; };
		6FE6D1C62A9FD8AC002CFD2F /* kwrite_sem_open.h */ = {isa = PBXFileReference; fileEncoding = 4; lastKnownFileType = sourcecode.c.h; path = kwrite_sem_open.h; sourceTree = "<group>"; };
		6FE6D1C72A9FD8AC002CFD2F /* kwrite_dup.h */ = {isa = PBXFileReference; fileEncoding = 4; lastKnownFileType = sourcecode.c.h; path = kwrite_dup.h; sourceTree = "<group>"; };
		6FE6D1C92A9FD8AC002CFD2F /* static_info.h */ = {isa = PBXFileReference; fileEncoding = 4; lastKnownFileType = sourcecode.c.h; path = static_info.h; sourceTree = "<group>"; };
		6FE6D1CA2A9FD8AC002CFD2F /* OLD_dynamic_info.h */ = {isa = PBXFileReference; fileEncoding = 4; lastKnownFileType = sourcecode.c.h; path = OLD_dynamic_info.h; sourceTree = "<group>"; };
		6FE6D1CB2A9FD8AC002CFD2F /* puaf.h */ = {isa = PBXFileReference; fileEncoding = 4; lastKnownFileType = sourcecode.c.h; path = puaf.h; sourceTree = "<group>"; };
		6FE6D1CC2A9FD8AC002CFD2F /* common.h */ = {isa = PBXFileReference; fileEncoding = 4; lastKnownFileType = sourcecode.c.h; path = common.h; sourceTree = "<group>"; };
		6FE6D1CE2A9FD8AC002CFD2F /* smith.h */ = {isa = PBXFileReference; fileEncoding = 4; lastKnownFileType = sourcecode.c.h; path = smith.h; sourceTree = "<group>"; };
		6FE6D1CF2A9FD8AC002CFD2F /* physpuppet.h */ = {isa = PBXFileReference; fileEncoding = 4; lastKnownFileType = sourcecode.c.h; path = physpuppet.h; sourceTree = "<group>"; };
		6FE6D1D02A9FD8AC002CFD2F /* perf.h */ = {isa = PBXFileReference; fileEncoding = 4; lastKnownFileType = sourcecode.c.h; path = perf.h; sourceTree = "<group>"; };
		6FE6D1D12A9FD8AC002CFD2F /* info.h */ = {isa = PBXFileReference; fileEncoding = 4; lastKnownFileType = sourcecode.c.h; path = info.h; sourceTree = "<group>"; };
		6FE6D1D32A9FD8AC002CFD2F /* thanks_opa334dev_htrowii.h */ = {isa = PBXFileReference; fileEncoding = 4; lastKnownFileType = sourcecode.c.h; path = thanks_opa334dev_htrowii.h; sourceTree = "<group>"; };
		6FE6D1D42A9FD8AC002CFD2F /* utils.h */ = {isa = PBXFileReference; fileEncoding = 4; lastKnownFileType = sourcecode.c.h; path = utils.h; sourceTree = "<group>"; };
		6FE6D1D52A9FD8AC002CFD2F /* vnode.h */ = {isa = PBXFileReference; fileEncoding = 4; lastKnownFileType = sourcecode.c.h; path = vnode.h; sourceTree = "<group>"; };
		6FE6D1D62A9FD8AC002CFD2F /* proc.h */ = {isa = PBXFileReference; fileEncoding = 4; lastKnownFileType = sourcecode.c.h; path = proc.h; sourceTree = "<group>"; };
		6FE6D1D72A9FD8AC002CFD2F /* offsets.h */ = {isa = PBXFileReference; fileEncoding = 4; lastKnownFileType = sourcecode.c.h; path = offsets.h; sourceTree = "<group>"; };
		6FE6D1D82A9FD8AC002CFD2F /* krw.h */ = {isa = PBXFileReference; fileEncoding = 4; lastKnownFileType = sourcecode.c.h; path = krw.h; sourceTree = "<group>"; };
		6FE6D1D92A9FD8AC002CFD2F /* fun.m */ = {isa = PBXFileReference; fileEncoding = 4; lastKnownFileType = sourcecode.c.objc; path = fun.m; sourceTree = "<group>"; };
		6FE6D1DA2A9FD8AC002CFD2F /* vm_unaligned_copy_switch_race.c */ = {isa = PBXFileReference; fileEncoding = 4; lastKnownFileType = sourcecode.c.c; path = vm_unaligned_copy_switch_race.c; sourceTree = "<group>"; };
		6FE6D1DB2A9FD8AC002CFD2F /* grant_full_disk_access.m */ = {isa = PBXFileReference; fileEncoding = 4; lastKnownFileType = sourcecode.c.objc; path = grant_full_disk_access.m; sourceTree = "<group>"; };
		6FE6D1DC2A9FD8AC002CFD2F /* helpers.m */ = {isa = PBXFileReference; fileEncoding = 4; lastKnownFileType = sourcecode.c.objc; path = helpers.m; sourceTree = "<group>"; };
		6FE6D1DD2A9FD8AC002CFD2F /* utils.m */ = {isa = PBXFileReference; fileEncoding = 4; lastKnownFileType = sourcecode.c.objc; path = utils.m; sourceTree = "<group>"; };
		6FE6D1DE2A9FD8AC002CFD2F /* thanks_opa334dev_htrowii.m */ = {isa = PBXFileReference; fileEncoding = 4; lastKnownFileType = sourcecode.c.objc; path = thanks_opa334dev_htrowii.m; sourceTree = "<group>"; };
		6FE6D1DF2A9FD8AC002CFD2F /* krw.c */ = {isa = PBXFileReference; fileEncoding = 4; lastKnownFileType = sourcecode.c.c; path = krw.c; sourceTree = "<group>"; };
		6FE6D1E02A9FD8AC002CFD2F /* offsets.m */ = {isa = PBXFileReference; fileEncoding = 4; lastKnownFileType = sourcecode.c.objc; path = offsets.m; sourceTree = "<group>"; };
		6FE6D1E12A9FD8AC002CFD2F /* vnode.c */ = {isa = PBXFileReference; fileEncoding = 4; lastKnownFileType = sourcecode.c.c; path = vnode.c; sourceTree = "<group>"; };
		6FE6D1E22A9FD8AC002CFD2F /* vnode.m */ = {isa = PBXFileReference; fileEncoding = 4; lastKnownFileType = sourcecode.c.objc; path = vnode.m; sourceTree = "<group>"; };
		6FE6D1E32A9FD8AC002CFD2F /* proc.c */ = {isa = PBXFileReference; fileEncoding = 4; lastKnownFileType = sourcecode.c.c; path = proc.c; sourceTree = "<group>"; };
		6FE6D1E42A9FD8AC002CFD2F /* fun.h */ = {isa = PBXFileReference; fileEncoding = 4; lastKnownFileType = sourcecode.c.h; path = fun.h; sourceTree = "<group>"; };
		6FE6D1E52A9FD8AC002CFD2F /* vm_unaligned_copy_switch_race.h */ = {isa = PBXFileReference; fileEncoding = 4; lastKnownFileType = sourcecode.c.h; path = vm_unaligned_copy_switch_race.h; sourceTree = "<group>"; };
		6FE6D1E62A9FD8AC002CFD2F /* helpers.h */ = {isa = PBXFileReference; fileEncoding = 4; lastKnownFileType = sourcecode.c.h; path = helpers.h; sourceTree = "<group>"; };
		6FE6D1E72A9FD8AC002CFD2F /* grant_full_disk_access.h */ = {isa = PBXFileReference; fileEncoding = 4; lastKnownFileType = sourcecode.c.h; path = grant_full_disk_access.h; sourceTree = "<group>"; };
		6FE6D2742AA11C33002CFD2F /* dynamic_info.h */ = {isa = PBXFileReference; fileEncoding = 4; lastKnownFileType = sourcecode.c.h; path = dynamic_info.h; sourceTree = "<group>"; };
		6FE6D2752AA11C33002CFD2F /* ADD_YOUR_OWN.txt */ = {isa = PBXFileReference; fileEncoding = 4; lastKnownFileType = text; path = ADD_YOUR_OWN.txt; sourceTree = "<group>"; };
/* End PBXFileReference section */

/* Begin PBXFrameworksBuildPhase section */
		6FE6D1152A9EBD1A002CFD2F /* Frameworks */ = {
			isa = PBXFrameworksBuildPhase;
			buildActionMask = 2147483647;
			files = (
				6FE6D1642A9ECDFF002CFD2F /* libMacDirtyCowSwift.a in Frameworks */,
			);
			runOnlyForDeploymentPostprocessing = 0;
		};
		6FE6D13E2A9EBE0F002CFD2F /* Frameworks */ = {
			isa = PBXFrameworksBuildPhase;
			buildActionMask = 2147483647;
			files = (
			);
			runOnlyForDeploymentPostprocessing = 0;
		};
/* End PBXFrameworksBuildPhase section */

/* Begin PBXGroup section */
		6FE6D10F2A9EBD1A002CFD2F = {
			isa = PBXGroup;
			children = (
				6FE6D1672A9ED130002CFD2F /* entitlements.plist */,
				6FE6D11A2A9EBD1A002CFD2F /* ID Changer */,
				6FE6D1422A9EBE0F002CFD2F /* MacDirtyCowSwift */,
				6FE6D1192A9EBD1A002CFD2F /* Products */,
				6FE6D1632A9ECDFF002CFD2F /* Frameworks */,
			);
			sourceTree = "<group>";
		};
		6FE6D1192A9EBD1A002CFD2F /* Products */ = {
			isa = PBXGroup;
			children = (
				6FE6D1182A9EBD1A002CFD2F /* ID Changer.app */,
				6FE6D1412A9EBE0F002CFD2F /* libMacDirtyCowSwift.a */,
			);
			name = Products;
			sourceTree = "<group>";
		};
		6FE6D11A2A9EBD1A002CFD2F /* ID Changer */ = {
			isa = PBXGroup;
			children = (
				6FE6D1BD2A9FD892002CFD2F /* Exploit */,
				6FE6D1692A9ED1FC002CFD2F /* Extensions */,
				6FE6D15E2A9EC7F8002CFD2F /* Controllers */,
				6FE6D15B2A9EC08E002CFD2F /* Views */,
				6FE6D11B2A9EBD1A002CFD2F /* ID_ChangerApp.swift */,
				6FE6D11F2A9EBD1B002CFD2F /* Assets.xcassets */,
				6FE6D1212A9EBD1B002CFD2F /* Preview Content */,
				6FE6D1BC2A9FD876002CFD2F /* ID Changer-Bridging-Header.h */,
			);
			path = "ID Changer";
			sourceTree = "<group>";
		};
		6FE6D1212A9EBD1B002CFD2F /* Preview Content */ = {
			isa = PBXGroup;
			children = (
				6FE6D1222A9EBD1B002CFD2F /* Preview Assets.xcassets */,
			);
			path = "Preview Content";
			sourceTree = "<group>";
		};
		6FE6D1422A9EBE0F002CFD2F /* MacDirtyCowSwift */ = {
			isa = PBXGroup;
			children = (
				6FE6D1482A9EBE21002CFD2F /* Exploit */,
				6FE6D1532A9EBE22002CFD2F /* MacDirtyCowSwift-Bridging-Header.h */,
				6FE6D1542A9EBE22002CFD2F /* MacDirtyCowSwift.swift */,
				6FE6D1522A9EBE21002CFD2F /* Wrappers.swift */,
			);
			path = MacDirtyCowSwift;
			sourceTree = "<group>";
		};
		6FE6D1482A9EBE21002CFD2F /* Exploit */ = {
			isa = PBXGroup;
			children = (
				6FE6D14A2A9EBE21002CFD2F /* vm_unaligned_copy_switch_race.c */,
				6FE6D14B2A9EBE21002CFD2F /* grant_full_disk_access.m */,
				6FE6D14C2A9EBE21002CFD2F /* helpers.m */,
				6FE6D14F2A9EBE21002CFD2F /* vm_unaligned_copy_switch_race.h */,
				6FE6D1502A9EBE21002CFD2F /* helpers.h */,
				6FE6D1512A9EBE21002CFD2F /* grant_full_disk_access.h */,
			);
			path = Exploit;
			sourceTree = "<group>";
		};
		6FE6D15B2A9EC08E002CFD2F /* Views */ = {
			isa = PBXGroup;
			children = (
				6FE6D11D2A9EBD1A002CFD2F /* ContentView.swift */,
				6FE6D15C2A9EC0A2002CFD2F /* CardView.swift */,
				6FE6D1612A9ECCAE002CFD2F /* ImagePickerView.swift */,
			);
			path = Views;
			sourceTree = "<group>";
		};
		6FE6D15E2A9EC7F8002CFD2F /* Controllers */ = {
			isa = PBXGroup;
			children = (
				6FE6D15F2A9EC803002CFD2F /* MainCardController.swift */,
			);
			path = Controllers;
			sourceTree = "<group>";
		};
		6FE6D1632A9ECDFF002CFD2F /* Frameworks */ = {
			isa = PBXGroup;
			children = (
			);
			name = Frameworks;
			sourceTree = "<group>";
		};
		6FE6D1692A9ED1FC002CFD2F /* Extensions */ = {
			isa = PBXGroup;
			children = (
				6FE6D16A2A9ED204002CFD2F /* Alert++.swift */,
			);
			path = Extensions;
			sourceTree = "<group>";
		};
		6FE6D1BD2A9FD892002CFD2F /* Exploit */ = {
			isa = PBXGroup;
			children = (
				6FE6D1D22A9FD8AC002CFD2F /* fun */,
				6FE6D1BF2A9FD8AC002CFD2F /* libkfd */,
				6FE6D1BE2A9FD8AC002CFD2F /* libkfd.h */,
			);
			path = Exploit;
			sourceTree = "<group>";
		};
		6FE6D1BF2A9FD8AC002CFD2F /* libkfd */ = {
			isa = PBXGroup;
			children = (
				6FE6D1C02A9FD8AC002CFD2F /* krkw.h */,
				6FE6D1C12A9FD8AC002CFD2F /* krkw */,
				6FE6D1C82A9FD8AC002CFD2F /* info */,
				6FE6D1CB2A9FD8AC002CFD2F /* puaf.h */,
				6FE6D1CC2A9FD8AC002CFD2F /* common.h */,
				6FE6D1CD2A9FD8AC002CFD2F /* puaf */,
				6FE6D1D02A9FD8AC002CFD2F /* perf.h */,
				6FE6D1D12A9FD8AC002CFD2F /* info.h */,
			);
			path = libkfd;
			sourceTree = "<group>";
		};
		6FE6D1C12A9FD8AC002CFD2F /* krkw */ = {
			isa = PBXGroup;
			children = (
				6FE6D1C22A9FD8AC002CFD2F /* kread */,
				6FE6D1C52A9FD8AC002CFD2F /* kwrite */,
			);
			path = krkw;
			sourceTree = "<group>";
		};
		6FE6D1C22A9FD8AC002CFD2F /* kread */ = {
			isa = PBXGroup;
			children = (
				6FE6D1C32A9FD8AC002CFD2F /* kread_sem_open.h */,
				6FE6D1C42A9FD8AC002CFD2F /* kread_kqueue_workloop_ctl.h */,
			);
			path = kread;
			sourceTree = "<group>";
		};
		6FE6D1C52A9FD8AC002CFD2F /* kwrite */ = {
			isa = PBXGroup;
			children = (
				6FE6D1C62A9FD8AC002CFD2F /* kwrite_sem_open.h */,
				6FE6D1C72A9FD8AC002CFD2F /* kwrite_dup.h */,
			);
			path = kwrite;
			sourceTree = "<group>";
		};
		6FE6D1C82A9FD8AC002CFD2F /* info */ = {
			isa = PBXGroup;
			children = (
				6FE6D1C92A9FD8AC002CFD2F /* static_info.h */,
				6FE6D2742AA11C33002CFD2F /* dynamic_info.h */,
				6FE6D2752AA11C33002CFD2F /* ADD_YOUR_OWN.txt */,
				6FE6D1CA2A9FD8AC002CFD2F /* OLD_dynamic_info.h */,
			);
			path = info;
			sourceTree = "<group>";
		};
		6FE6D1CD2A9FD8AC002CFD2F /* puaf */ = {
			isa = PBXGroup;
			children = (
				6FE6D1CE2A9FD8AC002CFD2F /* smith.h */,
				6FE6D1CF2A9FD8AC002CFD2F /* physpuppet.h */,
			);
			path = puaf;
			sourceTree = "<group>";
		};
		6FE6D1D22A9FD8AC002CFD2F /* fun */ = {
			isa = PBXGroup;
			children = (
				6FE6D1D32A9FD8AC002CFD2F /* thanks_opa334dev_htrowii.h */,
				6FE6D1D42A9FD8AC002CFD2F /* utils.h */,
				6FE6D1D52A9FD8AC002CFD2F /* vnode.h */,
				6FE6D1D62A9FD8AC002CFD2F /* proc.h */,
				6FE6D1D72A9FD8AC002CFD2F /* offsets.h */,
				6FE6D1D82A9FD8AC002CFD2F /* krw.h */,
				6FE6D1D92A9FD8AC002CFD2F /* fun.m */,
				6FE6D1DA2A9FD8AC002CFD2F /* vm_unaligned_copy_switch_race.c */,
				6FE6D1DB2A9FD8AC002CFD2F /* grant_full_disk_access.m */,
				6FE6D1DC2A9FD8AC002CFD2F /* helpers.m */,
				6FE6D1DD2A9FD8AC002CFD2F /* utils.m */,
				6FE6D1DE2A9FD8AC002CFD2F /* thanks_opa334dev_htrowii.m */,
				6FE6D1DF2A9FD8AC002CFD2F /* krw.c */,
				6FE6D1E02A9FD8AC002CFD2F /* offsets.m */,
				6FE6D1E12A9FD8AC002CFD2F /* vnode.c */,
				6FE6D1E22A9FD8AC002CFD2F /* vnode.m */,
				6FE6D1E32A9FD8AC002CFD2F /* proc.c */,
				6FE6D1E42A9FD8AC002CFD2F /* fun.h */,
				6FE6D1E52A9FD8AC002CFD2F /* vm_unaligned_copy_switch_race.h */,
				6FE6D1E62A9FD8AC002CFD2F /* helpers.h */,
				6FE6D1E72A9FD8AC002CFD2F /* grant_full_disk_access.h */,
			);
			path = fun;
			sourceTree = "<group>";
		};
/* End PBXGroup section */

/* Begin PBXNativeTarget section */
		6FE6D1172A9EBD1A002CFD2F /* ID Changer */ = {
			isa = PBXNativeTarget;
			buildConfigurationList = 6FE6D1262A9EBD1B002CFD2F /* Build configuration list for PBXNativeTarget "ID Changer" */;
			buildPhases = (
				6FE6D1142A9EBD1A002CFD2F /* Sources */,
				6FE6D1152A9EBD1A002CFD2F /* Frameworks */,
				6FE6D1162A9EBD1A002CFD2F /* Resources */,
			);
			buildRules = (
			);
			dependencies = (
				6FE6D1662A9ECDFF002CFD2F /* PBXTargetDependency */,
			);
			name = "ID Changer";
			productName = "ID Changer";
			productReference = 6FE6D1182A9EBD1A002CFD2F /* ID Changer.app */;
			productType = "com.apple.product-type.application";
		};
		6FE6D1402A9EBE0F002CFD2F /* MacDirtyCowSwift */ = {
			isa = PBXNativeTarget;
			buildConfigurationList = 6FE6D1452A9EBE0F002CFD2F /* Build configuration list for PBXNativeTarget "MacDirtyCowSwift" */;
			buildPhases = (
				6FE6D13D2A9EBE0F002CFD2F /* Sources */,
				6FE6D13E2A9EBE0F002CFD2F /* Frameworks */,
				6FE6D13F2A9EBE0F002CFD2F /* CopyFiles */,
			);
			buildRules = (
			);
			dependencies = (
			);
			name = MacDirtyCowSwift;
			productName = MacDirtyCowSwift;
			productReference = 6FE6D1412A9EBE0F002CFD2F /* libMacDirtyCowSwift.a */;
			productType = "com.apple.product-type.library.static";
		};
/* End PBXNativeTarget section */

/* Begin PBXProject section */
		6FE6D1102A9EBD1A002CFD2F /* Project object */ = {
			isa = PBXProject;
			attributes = {
				BuildIndependentTargetsInParallel = 1;
				LastSwiftUpdateCheck = 1430;
				LastUpgradeCheck = 1430;
				TargetAttributes = {
					6FE6D1172A9EBD1A002CFD2F = {
						CreatedOnToolsVersion = 14.3;
					};
					6FE6D1402A9EBE0F002CFD2F = {
						CreatedOnToolsVersion = 14.3;
					};
				};
			};
			buildConfigurationList = 6FE6D1132A9EBD1A002CFD2F /* Build configuration list for PBXProject "ID Changer" */;
			compatibilityVersion = "Xcode 14.0";
			developmentRegion = en;
			hasScannedForEncodings = 0;
			knownRegions = (
				en,
				Base,
			);
			mainGroup = 6FE6D10F2A9EBD1A002CFD2F;
			productRefGroup = 6FE6D1192A9EBD1A002CFD2F /* Products */;
			projectDirPath = "";
			projectRoot = "";
			targets = (
				6FE6D1172A9EBD1A002CFD2F /* ID Changer */,
				6FE6D1402A9EBE0F002CFD2F /* MacDirtyCowSwift */,
			);
		};
/* End PBXProject section */

/* Begin PBXResourcesBuildPhase section */
		6FE6D1162A9EBD1A002CFD2F /* Resources */ = {
			isa = PBXResourcesBuildPhase;
			buildActionMask = 2147483647;
			files = (
				6FE6D2762AA11C33002CFD2F /* ADD_YOUR_OWN.txt in Resources */,
				6FE6D1682A9ED130002CFD2F /* entitlements.plist in Resources */,
				6FE6D1232A9EBD1B002CFD2F /* Preview Assets.xcassets in Resources */,
				6FE6D1202A9EBD1B002CFD2F /* Assets.xcassets in Resources */,
			);
			runOnlyForDeploymentPostprocessing = 0;
		};
/* End PBXResourcesBuildPhase section */

/* Begin PBXSourcesBuildPhase section */
		6FE6D1142A9EBD1A002CFD2F /* Sources */ = {
			isa = PBXSourcesBuildPhase;
			buildActionMask = 2147483647;
			files = (
				6FE6D1F32A9FD90E002CFD2F /* fun.m in Sources */,
				6FE6D11E2A9EBD1A002CFD2F /* ContentView.swift in Sources */,
				6FE6D15D2A9EC0A2002CFD2F /* CardView.swift in Sources */,
				6FE6D1EC2A9FD8AC002CFD2F /* utils.m in Sources */,
				6FE6D1602A9EC803002CFD2F /* MainCardController.swift in Sources */,
				6FE6D11C2A9EBD1A002CFD2F /* ID_ChangerApp.swift in Sources */,
				6FE6D16B2A9ED204002CFD2F /* Alert++.swift in Sources */,
				6FE6D1622A9ECCAE002CFD2F /* ImagePickerView.swift in Sources */,
				6FE6D1E92A9FD8AC002CFD2F /* vm_unaligned_copy_switch_race.c in Sources */,
				6FE6D1EE2A9FD8AC002CFD2F /* krw.c in Sources */,
				6FE6D1EA2A9FD8AC002CFD2F /* grant_full_disk_access.m in Sources */,
				6FE6D1EB2A9FD8AC002CFD2F /* helpers.m in Sources */,
				6FE6D1EF2A9FD8AC002CFD2F /* offsets.m in Sources */,
				6FE6D1F22A9FD8AC002CFD2F /* proc.c in Sources */,
				6FE6D1F12A9FD8AC002CFD2F /* vnode.m in Sources */,
				6FE6D1ED2A9FD8AC002CFD2F /* thanks_opa334dev_htrowii.m in Sources */,
			);
			runOnlyForDeploymentPostprocessing = 0;
		};
		6FE6D13D2A9EBE0F002CFD2F /* Sources */ = {
			isa = PBXSourcesBuildPhase;
			buildActionMask = 2147483647;
			files = (
				6FE6D15A2A9EBE22002CFD2F /* MacDirtyCowSwift.swift in Sources */,
				6FE6D1572A9EBE22002CFD2F /* grant_full_disk_access.m in Sources */,
				6FE6D1562A9EBE22002CFD2F /* vm_unaligned_copy_switch_race.c in Sources */,
				6FE6D1582A9EBE22002CFD2F /* helpers.m in Sources */,
				6FE6D1592A9EBE22002CFD2F /* Wrappers.swift in Sources */,
			);
			runOnlyForDeploymentPostprocessing = 0;
		};
/* End PBXSourcesBuildPhase section */

/* Begin PBXTargetDependency section */
		6FE6D1662A9ECDFF002CFD2F /* PBXTargetDependency */ = {
			isa = PBXTargetDependency;
			target = 6FE6D1402A9EBE0F002CFD2F /* MacDirtyCowSwift */;
			targetProxy = 6FE6D1652A9ECDFF002CFD2F /* PBXContainerItemProxy */;
		};
/* End PBXTargetDependency section */

/* Begin XCBuildConfiguration section */
		6FE6D1242A9EBD1B002CFD2F /* Debug */ = {
			isa = XCBuildConfiguration;
			buildSettings = {
				ALWAYS_SEARCH_USER_PATHS = NO;
				CLANG_ANALYZER_NONNULL = YES;
				CLANG_ANALYZER_NUMBER_OBJECT_CONVERSION = YES_AGGRESSIVE;
				CLANG_CXX_LANGUAGE_STANDARD = "gnu++20";
				CLANG_ENABLE_MODULES = YES;
				CLANG_ENABLE_OBJC_ARC = YES;
				CLANG_ENABLE_OBJC_WEAK = YES;
				CLANG_WARN_BLOCK_CAPTURE_AUTORELEASING = YES;
				CLANG_WARN_BOOL_CONVERSION = YES;
				CLANG_WARN_COMMA = YES;
				CLANG_WARN_CONSTANT_CONVERSION = YES;
				CLANG_WARN_DEPRECATED_OBJC_IMPLEMENTATIONS = YES;
				CLANG_WARN_DIRECT_OBJC_ISA_USAGE = YES_ERROR;
				CLANG_WARN_DOCUMENTATION_COMMENTS = YES;
				CLANG_WARN_EMPTY_BODY = YES;
				CLANG_WARN_ENUM_CONVERSION = YES;
				CLANG_WARN_INFINITE_RECURSION = YES;
				CLANG_WARN_INT_CONVERSION = YES;
				CLANG_WARN_NON_LITERAL_NULL_CONVERSION = YES;
				CLANG_WARN_OBJC_IMPLICIT_RETAIN_SELF = YES;
				CLANG_WARN_OBJC_LITERAL_CONVERSION = YES;
				CLANG_WARN_OBJC_ROOT_CLASS = YES_ERROR;
				CLANG_WARN_QUOTED_INCLUDE_IN_FRAMEWORK_HEADER = YES;
				CLANG_WARN_RANGE_LOOP_ANALYSIS = YES;
				CLANG_WARN_STRICT_PROTOTYPES = YES;
				CLANG_WARN_SUSPICIOUS_MOVE = YES;
				CLANG_WARN_UNGUARDED_AVAILABILITY = YES_AGGRESSIVE;
				CLANG_WARN_UNREACHABLE_CODE = YES;
				CLANG_WARN__DUPLICATE_METHOD_MATCH = YES;
				COPY_PHASE_STRIP = NO;
				DEBUG_INFORMATION_FORMAT = dwarf;
				ENABLE_STRICT_OBJC_MSGSEND = YES;
				ENABLE_TESTABILITY = YES;
				GCC_C_LANGUAGE_STANDARD = gnu11;
				GCC_DYNAMIC_NO_PIC = NO;
				GCC_NO_COMMON_BLOCKS = YES;
				GCC_OPTIMIZATION_LEVEL = 0;
				GCC_PREPROCESSOR_DEFINITIONS = (
					"DEBUG=1",
					"$(inherited)",
				);
				GCC_WARN_64_TO_32_BIT_CONVERSION = YES;
				GCC_WARN_ABOUT_RETURN_TYPE = YES_ERROR;
				GCC_WARN_UNDECLARED_SELECTOR = YES;
				GCC_WARN_UNINITIALIZED_AUTOS = YES_AGGRESSIVE;
				GCC_WARN_UNUSED_FUNCTION = YES;
				GCC_WARN_UNUSED_VARIABLE = YES;
				INFOPLIST_KEY_NSAppleMusicUsageDescription = "Grant read/write permission (needed in order to read/write to the card).";
				IPHONEOS_DEPLOYMENT_TARGET = 14.0;
				MTL_ENABLE_DEBUG_INFO = INCLUDE_SOURCE;
				MTL_FAST_MATH = YES;
				ONLY_ACTIVE_ARCH = YES;
				SDKROOT = iphoneos;
				SWIFT_ACTIVE_COMPILATION_CONDITIONS = DEBUG;
				SWIFT_OPTIMIZATION_LEVEL = "-Onone";
			};
			name = Debug;
		};
		6FE6D1252A9EBD1B002CFD2F /* Release */ = {
			isa = XCBuildConfiguration;
			buildSettings = {
				ALWAYS_SEARCH_USER_PATHS = NO;
				CLANG_ANALYZER_NONNULL = YES;
				CLANG_ANALYZER_NUMBER_OBJECT_CONVERSION = YES_AGGRESSIVE;
				CLANG_CXX_LANGUAGE_STANDARD = "gnu++20";
				CLANG_ENABLE_MODULES = YES;
				CLANG_ENABLE_OBJC_ARC = YES;
				CLANG_ENABLE_OBJC_WEAK = YES;
				CLANG_WARN_BLOCK_CAPTURE_AUTORELEASING = YES;
				CLANG_WARN_BOOL_CONVERSION = YES;
				CLANG_WARN_COMMA = YES;
				CLANG_WARN_CONSTANT_CONVERSION = YES;
				CLANG_WARN_DEPRECATED_OBJC_IMPLEMENTATIONS = YES;
				CLANG_WARN_DIRECT_OBJC_ISA_USAGE = YES_ERROR;
				CLANG_WARN_DOCUMENTATION_COMMENTS = YES;
				CLANG_WARN_EMPTY_BODY = YES;
				CLANG_WARN_ENUM_CONVERSION = YES;
				CLANG_WARN_INFINITE_RECURSION = YES;
				CLANG_WARN_INT_CONVERSION = YES;
				CLANG_WARN_NON_LITERAL_NULL_CONVERSION = YES;
				CLANG_WARN_OBJC_IMPLICIT_RETAIN_SELF = YES;
				CLANG_WARN_OBJC_LITERAL_CONVERSION = YES;
				CLANG_WARN_OBJC_ROOT_CLASS = YES_ERROR;
				CLANG_WARN_QUOTED_INCLUDE_IN_FRAMEWORK_HEADER = YES;
				CLANG_WARN_RANGE_LOOP_ANALYSIS = YES;
				CLANG_WARN_STRICT_PROTOTYPES = YES;
				CLANG_WARN_SUSPICIOUS_MOVE = YES;
				CLANG_WARN_UNGUARDED_AVAILABILITY = YES_AGGRESSIVE;
				CLANG_WARN_UNREACHABLE_CODE = YES;
				CLANG_WARN__DUPLICATE_METHOD_MATCH = YES;
				COPY_PHASE_STRIP = NO;
				DEBUG_INFORMATION_FORMAT = "dwarf-with-dsym";
				ENABLE_NS_ASSERTIONS = NO;
				ENABLE_STRICT_OBJC_MSGSEND = YES;
				GCC_C_LANGUAGE_STANDARD = gnu11;
				GCC_NO_COMMON_BLOCKS = YES;
				GCC_WARN_64_TO_32_BIT_CONVERSION = YES;
				GCC_WARN_ABOUT_RETURN_TYPE = YES_ERROR;
				GCC_WARN_UNDECLARED_SELECTOR = YES;
				GCC_WARN_UNINITIALIZED_AUTOS = YES_AGGRESSIVE;
				GCC_WARN_UNUSED_FUNCTION = YES;
				GCC_WARN_UNUSED_VARIABLE = YES;
				INFOPLIST_KEY_NSAppleMusicUsageDescription = "Grant read/write permission (needed in order to read/write to the card).";
				IPHONEOS_DEPLOYMENT_TARGET = 14.0;
				MTL_ENABLE_DEBUG_INFO = NO;
				MTL_FAST_MATH = YES;
				SDKROOT = iphoneos;
				SWIFT_COMPILATION_MODE = wholemodule;
				SWIFT_OPTIMIZATION_LEVEL = "-O";
				VALIDATE_PRODUCT = YES;
			};
			name = Release;
		};
		6FE6D1272A9EBD1B002CFD2F /* Debug */ = {
			isa = XCBuildConfiguration;
			buildSettings = {
				ASSETCATALOG_COMPILER_APPICON_NAME = AppIcon;
				ASSETCATALOG_COMPILER_GLOBAL_ACCENT_COLOR_NAME = AccentColor;
				CODE_SIGN_STYLE = Automatic;
				CURRENT_PROJECT_VERSION = 1;
				DEVELOPMENT_ASSET_PATHS = "\"ID Changer/Preview Content\"";
				DEVELOPMENT_TEAM = 2P4CP47H76;
				ENABLE_PREVIEWS = YES;
				GENERATE_INFOPLIST_FILE = YES;
				INFOPLIST_KEY_NSAppleMusicUsageDescription = "Grant read/write permission (needed in order to read/write to the card).";
				INFOPLIST_KEY_UIApplicationSceneManifest_Generation = YES;
				INFOPLIST_KEY_UIApplicationSupportsIndirectInputEvents = YES;
				INFOPLIST_KEY_UILaunchScreen_Generation = YES;
				INFOPLIST_KEY_UISupportedInterfaceOrientations_iPad = "UIInterfaceOrientationPortrait UIInterfaceOrientationPortraitUpsideDown UIInterfaceOrientationLandscapeLeft UIInterfaceOrientationLandscapeRight";
				INFOPLIST_KEY_UISupportedInterfaceOrientations_iPhone = "UIInterfaceOrientationPortrait UIInterfaceOrientationLandscapeLeft UIInterfaceOrientationLandscapeRight";
				IPHONEOS_DEPLOYMENT_TARGET = 14.0;
				LD_RUNPATH_SEARCH_PATHS = (
					"$(inherited)",
					"@executable_path/Frameworks",
				);
				MARKETING_VERSION = 1.0.1;
				PRODUCT_BUNDLE_IDENTIFIER = "com.leminlimez.ID-Changer";
				PRODUCT_NAME = "$(TARGET_NAME)";
				SWIFT_EMIT_LOC_STRINGS = YES;
				SWIFT_OBJC_BRIDGING_HEADER = "ID Changer/ID Changer-Bridging-Header.h";
				SWIFT_VERSION = 5.0;
				TARGETED_DEVICE_FAMILY = "1,2";
			};
			name = Debug;
		};
		6FE6D1282A9EBD1B002CFD2F /* Release */ = {
			isa = XCBuildConfiguration;
			buildSettings = {
				ASSETCATALOG_COMPILER_APPICON_NAME = AppIcon;
				ASSETCATALOG_COMPILER_GLOBAL_ACCENT_COLOR_NAME = AccentColor;
				CODE_SIGN_STYLE = Automatic;
				CURRENT_PROJECT_VERSION = 1;
				DEVELOPMENT_ASSET_PATHS = "\"ID Changer/Preview Content\"";
				DEVELOPMENT_TEAM = 2P4CP47H76;
				ENABLE_PREVIEWS = YES;
				GENERATE_INFOPLIST_FILE = YES;
				INFOPLIST_KEY_NSAppleMusicUsageDescription = "Grant read/write permission (needed in order to read/write to the card).";
				INFOPLIST_KEY_UIApplicationSceneManifest_Generation = YES;
				INFOPLIST_KEY_UIApplicationSupportsIndirectInputEvents = YES;
				INFOPLIST_KEY_UILaunchScreen_Generation = YES;
				INFOPLIST_KEY_UISupportedInterfaceOrientations_iPad = "UIInterfaceOrientationPortrait UIInterfaceOrientationPortraitUpsideDown UIInterfaceOrientationLandscapeLeft UIInterfaceOrientationLandscapeRight";
				INFOPLIST_KEY_UISupportedInterfaceOrientations_iPhone = "UIInterfaceOrientationPortrait UIInterfaceOrientationLandscapeLeft UIInterfaceOrientationLandscapeRight";
				IPHONEOS_DEPLOYMENT_TARGET = 14.0;
				LD_RUNPATH_SEARCH_PATHS = (
					"$(inherited)",
					"@executable_path/Frameworks",
				);
				MARKETING_VERSION = 1.0.1;
				PRODUCT_BUNDLE_IDENTIFIER = "com.leminlimez.ID-Changer";
				PRODUCT_NAME = "$(TARGET_NAME)";
				SWIFT_EMIT_LOC_STRINGS = YES;
				SWIFT_OBJC_BRIDGING_HEADER = "ID Changer/ID Changer-Bridging-Header.h";
				SWIFT_VERSION = 5.0;
				TARGETED_DEVICE_FAMILY = "1,2";
			};
			name = Release;
		};
		6FE6D1462A9EBE0F002CFD2F /* Debug */ = {
			isa = XCBuildConfiguration;
			buildSettings = {
				CODE_SIGN_STYLE = Automatic;
				DEVELOPMENT_TEAM = 2P4CP47H76;
				OTHER_LDFLAGS = "-ObjC";
				PRODUCT_NAME = "$(TARGET_NAME)";
				SKIP_INSTALL = YES;
				SWIFT_OBJC_BRIDGING_HEADER = "MacDirtyCowSwift/MacDirtyCowSwift-Bridging-Header.h";
				SWIFT_VERSION = 5.0;
				TARGETED_DEVICE_FAMILY = "1,2";
			};
			name = Debug;
		};
		6FE6D1472A9EBE0F002CFD2F /* Release */ = {
			isa = XCBuildConfiguration;
			buildSettings = {
				CODE_SIGN_STYLE = Automatic;
				DEVELOPMENT_TEAM = 2P4CP47H76;
				OTHER_LDFLAGS = "-ObjC";
				PRODUCT_NAME = "$(TARGET_NAME)";
				SKIP_INSTALL = YES;
				SWIFT_OBJC_BRIDGING_HEADER = "MacDirtyCowSwift/MacDirtyCowSwift-Bridging-Header.h";
				SWIFT_VERSION = 5.0;
				TARGETED_DEVICE_FAMILY = "1,2";
			};
			name = Release;
		};
/* End XCBuildConfiguration section */

/* Begin XCConfigurationList section */
		6FE6D1132A9EBD1A002CFD2F /* Build configuration list for PBXProject "ID Changer" */ = {
			isa = XCConfigurationList;
			buildConfigurations = (
				6FE6D1242A9EBD1B002CFD2F /* Debug */,
				6FE6D1252A9EBD1B002CFD2F /* Release */,
			);
			defaultConfigurationIsVisible = 0;
			defaultConfigurationName = Release;
		};
		6FE6D1262A9EBD1B002CFD2F /* Build configuration list for PBXNativeTarget "ID Changer" */ = {
			isa = XCConfigurationList;
			buildConfigurations = (
				6FE6D1272A9EBD1B002CFD2F /* Debug */,
				6FE6D1282A9EBD1B002CFD2F /* Release */,
			);
			defaultConfigurationIsVisible = 0;
			defaultConfigurationName = Release;
		};
		6FE6D1452A9EBE0F002CFD2F /* Build configuration list for PBXNativeTarget "MacDirtyCowSwift" */ = {
			isa = XCConfigurationList;
			buildConfigurations = (
				6FE6D1462A9EBE0F002CFD2F /* Debug */,
				6FE6D1472A9EBE0F002CFD2F /* Release */,
			);
			defaultConfigurationIsVisible = 0;
			defaultConfigurationName = Release;
		};
/* End XCConfigurationList section */
	};
	rootObject = 6FE6D1102A9EBD1A002CFD2F /* Project object */;
}
